
Microsoft Visual Studio Solution File, Format Version 12.00
# Visual Studio Version 17
VisualStudioVersion = 17.0.32112.339
MinimumVisualStudioVersion = 10.0.40219.1
Project("{FAE04EC0-301F-11D3-BF4B-00C04F79EFBC}") = "Crypto", "Crypto\Crypto.csproj", "{14E587BB-37B4-4B07-89BC-3909FB6FD87A}"
EndProject
Project("{FAE04EC0-301F-11D3-BF4B-00C04F79EFBC}") = "BarcodeScanner", "BarcodeScanner\BarcodeScanner.csproj", "{3425F20F-D9B9-479D-8234-CF4D39D79C7B}"
EndProject
Global
	GlobalSection(SolutionConfigurationPlatforms) = preSolution
		Debug|Any CPU = Debug|Any CPU
		Release|Any CPU = Release|Any CPU
	EndGlobalSection
	GlobalSection(ProjectConfigurationPlatforms) = postSolution
		{14E587BB-37B4-4B07-89BC-3909FB6FD87A}.Debug|Any CPU.ActiveCfg = Debug|Any CPU
		{14E587BB-37B4-4B07-89BC-3909FB6FD87A}.Debug|Any CPU.Build.0 = Debug|Any CPU
		{14E587BB-37B4-4B07-89BC-3909FB6FD87A}.Release|Any CPU.ActiveCfg = Release|Any CPU
		{14E587BB-37B4-4B07-89BC-3909FB6FD87A}.Release|Any CPU.Build.0 = Release|Any CPU
		{3425F20F-D9B9-479D-8234-CF4D39D79C7B}.Debug|Any CPU.ActiveCfg = Debug|Any CPU
		{3425F20F-D9B9-479D-8234-CF4D39D79C7B}.Debug|Any CPU.Build.0 = Debug|Any CPU
		{3425F20F-D9B9-479D-8234-CF4D39D79C7B}.Release|Any CPU.ActiveCfg = Release|Any CPU
		{3425F20F-D9B9-479D-8234-CF4D39D79C7B}.Release|Any CPU.Build.0 = Release|Any CPU
	EndGlobalSection
	GlobalSection(SolutionProperties) = preSolution
		HideSolutionNode = FALSE
	EndGlobalSection
	GlobalSection(ExtensibilityGlobals) = postSolution
		SolutionGuid = {FCFF8976-7496-4C9F-80FF-989F529B51BA}
	EndGlobalSection
EndGlobal
